// !$*UTF8*$!
{
	archiveVersion = 1;
	classes = {
	};
	objectVersion = 56;
	objects = {

/* Begin PBXBuildFile section */
		F40546832AD8A4840000223D /* RootView.swift in Sources */ = {isa = PBXBuildFile; fileRef = F40546822AD8A4840000223D /* RootView.swift */; };
		F40546852AD8A9420000223D /* SettingsView.swift in Sources */ = {isa = PBXBuildFile; fileRef = F40546842AD8A9420000223D /* SettingsView.swift */; };
		F405DC332AD84EB200BBC9DF /* GoogleService-Info.plist in Resources */ = {isa = PBXBuildFile; fileRef = F405DC322AD84EB200BBC9DF /* GoogleService-Info.plist */; };
		F405DC362AD851AD00BBC9DF /* FirebaseAnalytics in Frameworks */ = {isa = PBXBuildFile; productRef = F405DC352AD851AD00BBC9DF /* FirebaseAnalytics */; };
		F405DC3A2AD851AD00BBC9DF /* FirebaseAnalyticsSwift in Frameworks */ = {isa = PBXBuildFile; productRef = F405DC392AD851AD00BBC9DF /* FirebaseAnalyticsSwift */; };
		F405DC412AD8569600BBC9DF /* FirebaseAuth in Frameworks */ = {isa = PBXBuildFile; productRef = F405DC402AD8569600BBC9DF /* FirebaseAuth */; };
		F405DC442AD85A3100BBC9DF /* AuthenticationView.swift in Sources */ = {isa = PBXBuildFile; fileRef = F405DC432AD85A3100BBC9DF /* AuthenticationView.swift */; };
		F405DC462AD85C4D00BBC9DF /* SignInEmailView.swift in Sources */ = {isa = PBXBuildFile; fileRef = F405DC452AD85C4D00BBC9DF /* SignInEmailView.swift */; };
		F405DC482AD8636400BBC9DF /* Authentication Manager.swift in Sources */ = {isa = PBXBuildFile; fileRef = F405DC472AD8636400BBC9DF /* Authentication Manager.swift */; };
		F42827DC2AD749D800D88677 /* BackgroundColors.swift in Sources */ = {isa = PBXBuildFile; fileRef = F42827DB2AD749D800D88677 /* BackgroundColors.swift */; };
		F42827DE2AD74F2B00D88677 /* CMManager.swift in Sources */ = {isa = PBXBuildFile; fileRef = F42827DD2AD74F2B00D88677 /* CMManager.swift */; };
		F4589BE02AD4AC8F0036EB52 /* PHONE_DOWNApp.swift in Sources */ = {isa = PBXBuildFile; fileRef = F4589BDF2AD4AC8F0036EB52 /* PHONE_DOWNApp.swift */; };
		F4589BE42AD4AC900036EB52 /* Assets.xcassets in Resources */ = {isa = PBXBuildFile; fileRef = F4589BE32AD4AC900036EB52 /* Assets.xcassets */; };
		F4589BE82AD4AC900036EB52 /* Preview Assets.xcassets in Resources */ = {isa = PBXBuildFile; fileRef = F4589BE72AD4AC900036EB52 /* Preview Assets.xcassets */; };
		F4589BF12AD4BE6C0036EB52 /* InstructionsView.swift in Sources */ = {isa = PBXBuildFile; fileRef = F4589BF02AD4BE6C0036EB52 /* InstructionsView.swift */; };
		F4589BF32AD4E8710036EB52 /* ReadyView.swift in Sources */ = {isa = PBXBuildFile; fileRef = F4589BF22AD4E8710036EB52 /* ReadyView.swift */; };
		F4589BF52AD738520036EB52 /* LandingPageView.swift in Sources */ = {isa = PBXBuildFile; fileRef = F4589BF42AD738520036EB52 /* LandingPageView.swift */; };
		F4C568A32AD7993100923601 /* TimeDoneView.swift in Sources */ = {isa = PBXBuildFile; fileRef = F4C568A22AD7993100923601 /* TimeDoneView.swift */; };
		F4C568A52AD799F400923601 /* CountingView.swift in Sources */ = {isa = PBXBuildFile; fileRef = F4C568A42AD799F400923601 /* CountingView.swift */; };
		F4C568A72AD7A60900923601 /* TimeNatLang.swift in Sources */ = {isa = PBXBuildFile; fileRef = F4C568A62AD7A60900923601 /* TimeNatLang.swift */; };
		F4C568A92AD7AFED00923601 /* ShareView.swift in Sources */ = {isa = PBXBuildFile; fileRef = F4C568A82AD7AFED00923601 /* ShareView.swift */; };
		F4C568AB2AD7B0DF00923601 /* StatisticsView.swift in Sources */ = {isa = PBXBuildFile; fileRef = F4C568AA2AD7B0DF00923601 /* StatisticsView.swift */; };
/* End PBXBuildFile section */

/* Begin PBXFileReference section */
		F40546822AD8A4840000223D /* RootView.swift */ = {isa = PBXFileReference; lastKnownFileType = sourcecode.swift; path = RootView.swift; sourceTree = "<group>"; };
		F40546842AD8A9420000223D /* SettingsView.swift */ = {isa = PBXFileReference; lastKnownFileType = sourcecode.swift; path = SettingsView.swift; sourceTree = "<group>"; };
		F405DC322AD84EB200BBC9DF /* GoogleService-Info.plist */ = {isa = PBXFileReference; fileEncoding = 4; lastKnownFileType = text.plist.xml; path = "GoogleService-Info.plist"; sourceTree = "<group>"; };
		F405DC432AD85A3100BBC9DF /* AuthenticationView.swift */ = {isa = PBXFileReference; lastKnownFileType = sourcecode.swift; path = AuthenticationView.swift; sourceTree = "<group>"; };
		F405DC452AD85C4D00BBC9DF /* SignInEmailView.swift */ = {isa = PBXFileReference; lastKnownFileType = sourcecode.swift; path = SignInEmailView.swift; sourceTree = "<group>"; };
		F405DC472AD8636400BBC9DF /* Authentication Manager.swift */ = {isa = PBXFileReference; lastKnownFileType = sourcecode.swift; path = "Authentication Manager.swift"; sourceTree = "<group>"; };
		F42827DB2AD749D800D88677 /* BackgroundColors.swift */ = {isa = PBXFileReference; lastKnownFileType = sourcecode.swift; path = BackgroundColors.swift; sourceTree = "<group>"; };
		F42827DD2AD74F2B00D88677 /* CMManager.swift */ = {isa = PBXFileReference; lastKnownFileType = sourcecode.swift; path = CMManager.swift; sourceTree = "<group>"; };
		F4589BDC2AD4AC8F0036EB52 /* PHONE-DOWN.app */ = {isa = PBXFileReference; explicitFileType = wrapper.application; includeInIndex = 0; path = "PHONE-DOWN.app"; sourceTree = BUILT_PRODUCTS_DIR; };
		F4589BDF2AD4AC8F0036EB52 /* PHONE_DOWNApp.swift */ = {isa = PBXFileReference; lastKnownFileType = sourcecode.swift; path = PHONE_DOWNApp.swift; sourceTree = "<group>"; };
		F4589BE32AD4AC900036EB52 /* Assets.xcassets */ = {isa = PBXFileReference; lastKnownFileType = folder.assetcatalog; path = Assets.xcassets; sourceTree = "<group>"; };
		F4589BE52AD4AC900036EB52 /* PHONE_DOWN.entitlements */ = {isa = PBXFileReference; lastKnownFileType = text.plist.entitlements; path = PHONE_DOWN.entitlements; sourceTree = "<group>"; };
		F4589BE72AD4AC900036EB52 /* Preview Assets.xcassets */ = {isa = PBXFileReference; lastKnownFileType = folder.assetcatalog; path = "Preview Assets.xcassets"; sourceTree = "<group>"; };
		F4589BF02AD4BE6C0036EB52 /* InstructionsView.swift */ = {isa = PBXFileReference; lastKnownFileType = sourcecode.swift; path = InstructionsView.swift; sourceTree = "<group>"; };
		F4589BF22AD4E8710036EB52 /* ReadyView.swift */ = {isa = PBXFileReference; lastKnownFileType = sourcecode.swift; path = ReadyView.swift; sourceTree = "<group>"; };
		F4589BF42AD738520036EB52 /* LandingPageView.swift */ = {isa = PBXFileReference; lastKnownFileType = sourcecode.swift; path = LandingPageView.swift; sourceTree = "<group>"; };
		F4C568A22AD7993100923601 /* TimeDoneView.swift */ = {isa = PBXFileReference; lastKnownFileType = sourcecode.swift; path = TimeDoneView.swift; sourceTree = "<group>"; };
		F4C568A42AD799F400923601 /* CountingView.swift */ = {isa = PBXFileReference; lastKnownFileType = sourcecode.swift; path = CountingView.swift; sourceTree = "<group>"; };
		F4C568A62AD7A60900923601 /* TimeNatLang.swift */ = {isa = PBXFileReference; lastKnownFileType = sourcecode.swift; path = TimeNatLang.swift; sourceTree = "<group>"; };
		F4C568A82AD7AFED00923601 /* ShareView.swift */ = {isa = PBXFileReference; lastKnownFileType = sourcecode.swift; path = ShareView.swift; sourceTree = "<group>"; };
		F4C568AA2AD7B0DF00923601 /* StatisticsView.swift */ = {isa = PBXFileReference; lastKnownFileType = sourcecode.swift; path = StatisticsView.swift; sourceTree = "<group>"; };
/* End PBXFileReference section */

/* Begin PBXFrameworksBuildPhase section */
		F4589BD92AD4AC8F0036EB52 /* Frameworks */ = {
			isa = PBXFrameworksBuildPhase;
			buildActionMask = 2147483647;
			files = (
				F405DC3A2AD851AD00BBC9DF /* FirebaseAnalyticsSwift in Frameworks */,
				F405DC362AD851AD00BBC9DF /* FirebaseAnalytics in Frameworks */,
				F405DC412AD8569600BBC9DF /* FirebaseAuth in Frameworks */,
			);
			runOnlyForDeploymentPostprocessing = 0;
		};
/* End PBXFrameworksBuildPhase section */

/* Begin PBXGroup section */
		F405DC3F2AD8569600BBC9DF /* Frameworks */ = {
			isa = PBXGroup;
			children = (
			);
			name = Frameworks;
			sourceTree = "<group>";
		};
		F405DC422AD859E900BBC9DF /* Authentication */ = {
			isa = PBXGroup;
			children = (
				F405DC432AD85A3100BBC9DF /* AuthenticationView.swift */,
				F405DC452AD85C4D00BBC9DF /* SignInEmailView.swift */,
				F405DC472AD8636400BBC9DF /* Authentication Manager.swift */,
			);
			path = Authentication;
			sourceTree = "<group>";
		};
		F4589BD32AD4AC8F0036EB52 = {
			isa = PBXGroup;
			children = (
				F405DC422AD859E900BBC9DF /* Authentication */,
				F4589BF22AD4E8710036EB52 /* ReadyView.swift */,
				F42827DD2AD74F2B00D88677 /* CMManager.swift */,
				F4589BDE2AD4AC8F0036EB52 /* PHONE-DOWN */,
				F4589BDD2AD4AC8F0036EB52 /* Products */,
				F405DC3F2AD8569600BBC9DF /* Frameworks */,
			);
			sourceTree = "<group>";
		};
		F4589BDD2AD4AC8F0036EB52 /* Products */ = {
			isa = PBXGroup;
			children = (
				F4589BDC2AD4AC8F0036EB52 /* PHONE-DOWN.app */,
			);
			name = Products;
			sourceTree = "<group>";
		};
		F4589BDE2AD4AC8F0036EB52 /* PHONE-DOWN */ = {
			isa = PBXGroup;
			children = (
				F4589BDF2AD4AC8F0036EB52 /* PHONE_DOWNApp.swift */,
				F4589BF42AD738520036EB52 /* LandingPageView.swift */,
				F40546822AD8A4840000223D /* RootView.swift */,
				F40546842AD8A9420000223D /* SettingsView.swift */,
				F42827DB2AD749D800D88677 /* BackgroundColors.swift */,
				F4C568A22AD7993100923601 /* TimeDoneView.swift */,
				F4C568AA2AD7B0DF00923601 /* StatisticsView.swift */,
				F4C568A82AD7AFED00923601 /* ShareView.swift */,
				F4589BF02AD4BE6C0036EB52 /* InstructionsView.swift */,
				F4C568A42AD799F400923601 /* CountingView.swift */,
				F4C568A62AD7A60900923601 /* TimeNatLang.swift */,
				F405DC322AD84EB200BBC9DF /* GoogleService-Info.plist */,
				F4589BE32AD4AC900036EB52 /* Assets.xcassets */,
				F4589BE52AD4AC900036EB52 /* PHONE_DOWN.entitlements */,
				F4589BE62AD4AC900036EB52 /* Preview Content */,
			);
			path = "PHONE-DOWN";
			sourceTree = "<group>";
		};
		F4589BE62AD4AC900036EB52 /* Preview Content */ = {
			isa = PBXGroup;
			children = (
				F4589BE72AD4AC900036EB52 /* Preview Assets.xcassets */,
			);
			path = "Preview Content";
			sourceTree = "<group>";
		};
/* End PBXGroup section */

/* Begin PBXNativeTarget section */
		F4589BDB2AD4AC8F0036EB52 /* PHONE-DOWN */ = {
			isa = PBXNativeTarget;
			buildConfigurationList = F4589BEB2AD4AC900036EB52 /* Build configuration list for PBXNativeTarget "PHONE-DOWN" */;
			buildPhases = (
				F4589BD82AD4AC8F0036EB52 /* Sources */,
				F4589BD92AD4AC8F0036EB52 /* Frameworks */,
				F4589BDA2AD4AC8F0036EB52 /* Resources */,
			);
			buildRules = (
			);
			dependencies = (
			);
			name = "PHONE-DOWN";
			packageProductDependencies = (
				F405DC352AD851AD00BBC9DF /* FirebaseAnalytics */,
				F405DC392AD851AD00BBC9DF /* FirebaseAnalyticsSwift */,
				F405DC402AD8569600BBC9DF /* FirebaseAuth */,
			);
			productName = "PHONE-DOWN";
			productReference = F4589BDC2AD4AC8F0036EB52 /* PHONE-DOWN.app */;
			productType = "com.apple.product-type.application";
		};
/* End PBXNativeTarget section */

/* Begin PBXProject section */
		F4589BD42AD4AC8F0036EB52 /* Project object */ = {
			isa = PBXProject;
			attributes = {
				BuildIndependentTargetsInParallel = 1;
				LastSwiftUpdateCheck = 1500;
				LastUpgradeCheck = 1500;
				TargetAttributes = {
					F4589BDB2AD4AC8F0036EB52 = {
						CreatedOnToolsVersion = 15.0;
					};
				};
			};
			buildConfigurationList = F4589BD72AD4AC8F0036EB52 /* Build configuration list for PBXProject "PHONE-DOWN" */;
			compatibilityVersion = "Xcode 14.0";
			developmentRegion = en;
			hasScannedForEncodings = 0;
			knownRegions = (
				en,
				Base,
			);
			mainGroup = F4589BD32AD4AC8F0036EB52;
			packageReferences = (
				F405DC342AD851AD00BBC9DF /* XCRemoteSwiftPackageReference "firebase-ios-sdk" */,
			);
			productRefGroup = F4589BDD2AD4AC8F0036EB52 /* Products */;
			projectDirPath = "";
			projectRoot = "";
			targets = (
				F4589BDB2AD4AC8F0036EB52 /* PHONE-DOWN */,
			);
		};
/* End PBXProject section */

/* Begin PBXResourcesBuildPhase section */
		F4589BDA2AD4AC8F0036EB52 /* Resources */ = {
			isa = PBXResourcesBuildPhase;
			buildActionMask = 2147483647;
			files = (
				F4589BE82AD4AC900036EB52 /* Preview Assets.xcassets in Resources */,
				F4589BE42AD4AC900036EB52 /* Assets.xcassets in Resources */,
				F405DC332AD84EB200BBC9DF /* GoogleService-Info.plist in Resources */,
			);
			runOnlyForDeploymentPostprocessing = 0;
		};
/* End PBXResourcesBuildPhase section */

/* Begin PBXSourcesBuildPhase section */
		F4589BD82AD4AC8F0036EB52 /* Sources */ = {
			isa = PBXSourcesBuildPhase;
			buildActionMask = 2147483647;
			files = (
				F4C568A92AD7AFED00923601 /* ShareView.swift in Sources */,
				F405DC462AD85C4D00BBC9DF /* SignInEmailView.swift in Sources */,
				F4C568A52AD799F400923601 /* CountingView.swift in Sources */,
				F405DC442AD85A3100BBC9DF /* AuthenticationView.swift in Sources */,
				F42827DC2AD749D800D88677 /* BackgroundColors.swift in Sources */,
				F4589BF52AD738520036EB52 /* LandingPageView.swift in Sources */,
				F4589BF12AD4BE6C0036EB52 /* InstructionsView.swift in Sources */,
				F4589BE02AD4AC8F0036EB52 /* PHONE_DOWNApp.swift in Sources */,
				F4C568A32AD7993100923601 /* TimeDoneView.swift in Sources */,
				F40546852AD8A9420000223D /* SettingsView.swift in Sources */,
				F4C568A72AD7A60900923601 /* TimeNatLang.swift in Sources */,
				F405DC482AD8636400BBC9DF /* Authentication Manager.swift in Sources */,
				F4C568AB2AD7B0DF00923601 /* StatisticsView.swift in Sources */,
				F4589BF32AD4E8710036EB52 /* ReadyView.swift in Sources */,
				F42827DE2AD74F2B00D88677 /* CMManager.swift in Sources */,
				F40546832AD8A4840000223D /* RootView.swift in Sources */,
			);
			runOnlyForDeploymentPostprocessing = 0;
		};
/* End PBXSourcesBuildPhase section */

/* Begin XCBuildConfiguration section */
		F4589BE92AD4AC900036EB52 /* Debug */ = {
			isa = XCBuildConfiguration;
			buildSettings = {
				ALWAYS_SEARCH_USER_PATHS = NO;
				ASSETCATALOG_COMPILER_GENERATE_SWIFT_ASSET_SYMBOL_EXTENSIONS = YES;
				CLANG_ANALYZER_NONNULL = YES;
				CLANG_ANALYZER_NUMBER_OBJECT_CONVERSION = YES_AGGRESSIVE;
				CLANG_CXX_LANGUAGE_STANDARD = "gnu++20";
				CLANG_ENABLE_MODULES = YES;
				CLANG_ENABLE_OBJC_ARC = YES;
				CLANG_ENABLE_OBJC_WEAK = YES;
				CLANG_WARN_BLOCK_CAPTURE_AUTORELEASING = YES;
				CLANG_WARN_BOOL_CONVERSION = YES;
				CLANG_WARN_COMMA = YES;
				CLANG_WARN_CONSTANT_CONVERSION = YES;
				CLANG_WARN_DEPRECATED_OBJC_IMPLEMENTATIONS = YES;
				CLANG_WARN_DIRECT_OBJC_ISA_USAGE = YES_ERROR;
				CLANG_WARN_DOCUMENTATION_COMMENTS = YES;
				CLANG_WARN_EMPTY_BODY = YES;
				CLANG_WARN_ENUM_CONVERSION = YES;
				CLANG_WARN_INFINITE_RECURSION = YES;
				CLANG_WARN_INT_CONVERSION = YES;
				CLANG_WARN_NON_LITERAL_NULL_CONVERSION = YES;
				CLANG_WARN_OBJC_IMPLICIT_RETAIN_SELF = YES;
				CLANG_WARN_OBJC_LITERAL_CONVERSION = YES;
				CLANG_WARN_OBJC_ROOT_CLASS = YES_ERROR;
				CLANG_WARN_QUOTED_INCLUDE_IN_FRAMEWORK_HEADER = YES;
				CLANG_WARN_RANGE_LOOP_ANALYSIS = YES;
				CLANG_WARN_STRICT_PROTOTYPES = YES;
				CLANG_WARN_SUSPICIOUS_MOVE = YES;
				CLANG_WARN_UNGUARDED_AVAILABILITY = YES_AGGRESSIVE;
				CLANG_WARN_UNREACHABLE_CODE = YES;
				CLANG_WARN__DUPLICATE_METHOD_MATCH = YES;
				COPY_PHASE_STRIP = NO;
				DEBUG_INFORMATION_FORMAT = dwarf;
				ENABLE_STRICT_OBJC_MSGSEND = YES;
				ENABLE_TESTABILITY = YES;
				ENABLE_USER_SCRIPT_SANDBOXING = YES;
				GCC_C_LANGUAGE_STANDARD = gnu17;
				GCC_DYNAMIC_NO_PIC = NO;
				GCC_NO_COMMON_BLOCKS = YES;
				GCC_OPTIMIZATION_LEVEL = 0;
				GCC_PREPROCESSOR_DEFINITIONS = (
					"DEBUG=1",
					"$(inherited)",
				);
				GCC_WARN_64_TO_32_BIT_CONVERSION = YES;
				GCC_WARN_ABOUT_RETURN_TYPE = YES_ERROR;
				GCC_WARN_UNDECLARED_SELECTOR = YES;
				GCC_WARN_UNINITIALIZED_AUTOS = YES_AGGRESSIVE;
				GCC_WARN_UNUSED_FUNCTION = YES;
				GCC_WARN_UNUSED_VARIABLE = YES;
				LOCALIZATION_PREFERS_STRING_CATALOGS = YES;
				MTL_ENABLE_DEBUG_INFO = INCLUDE_SOURCE;
				MTL_FAST_MATH = YES;
				ONLY_ACTIVE_ARCH = YES;
				SWIFT_ACTIVE_COMPILATION_CONDITIONS = "DEBUG $(inherited)";
				SWIFT_OPTIMIZATION_LEVEL = "-Onone";
			};
			name = Debug;
		};
		F4589BEA2AD4AC900036EB52 /* Release */ = {
			isa = XCBuildConfiguration;
			buildSettings = {
				ALWAYS_SEARCH_USER_PATHS = NO;
				ASSETCATALOG_COMPILER_GENERATE_SWIFT_ASSET_SYMBOL_EXTENSIONS = YES;
				CLANG_ANALYZER_NONNULL = YES;
				CLANG_ANALYZER_NUMBER_OBJECT_CONVERSION = YES_AGGRESSIVE;
				CLANG_CXX_LANGUAGE_STANDARD = "gnu++20";
				CLANG_ENABLE_MODULES = YES;
				CLANG_ENABLE_OBJC_ARC = YES;
				CLANG_ENABLE_OBJC_WEAK = YES;
				CLANG_WARN_BLOCK_CAPTURE_AUTORELEASING = YES;
				CLANG_WARN_BOOL_CONVERSION = YES;
				CLANG_WARN_COMMA = YES;
				CLANG_WARN_CONSTANT_CONVERSION = YES;
				CLANG_WARN_DEPRECATED_OBJC_IMPLEMENTATIONS = YES;
				CLANG_WARN_DIRECT_OBJC_ISA_USAGE = YES_ERROR;
				CLANG_WARN_DOCUMENTATION_COMMENTS = YES;
				CLANG_WARN_EMPTY_BODY = YES;
				CLANG_WARN_ENUM_CONVERSION = YES;
				CLANG_WARN_INFINITE_RECURSION = YES;
				CLANG_WARN_INT_CONVERSION = YES;
				CLANG_WARN_NON_LITERAL_NULL_CONVERSION = YES;
				CLANG_WARN_OBJC_IMPLICIT_RETAIN_SELF = YES;
				CLANG_WARN_OBJC_LITERAL_CONVERSION = YES;
				CLANG_WARN_OBJC_ROOT_CLASS = YES_ERROR;
				CLANG_WARN_QUOTED_INCLUDE_IN_FRAMEWORK_HEADER = YES;
				CLANG_WARN_RANGE_LOOP_ANALYSIS = YES;
				CLANG_WARN_STRICT_PROTOTYPES = YES;
				CLANG_WARN_SUSPICIOUS_MOVE = YES;
				CLANG_WARN_UNGUARDED_AVAILABILITY = YES_AGGRESSIVE;
				CLANG_WARN_UNREACHABLE_CODE = YES;
				CLANG_WARN__DUPLICATE_METHOD_MATCH = YES;
				COPY_PHASE_STRIP = NO;
				DEBUG_INFORMATION_FORMAT = "dwarf-with-dsym";
				ENABLE_NS_ASSERTIONS = NO;
				ENABLE_STRICT_OBJC_MSGSEND = YES;
				ENABLE_USER_SCRIPT_SANDBOXING = YES;
				GCC_C_LANGUAGE_STANDARD = gnu17;
				GCC_NO_COMMON_BLOCKS = YES;
				GCC_WARN_64_TO_32_BIT_CONVERSION = YES;
				GCC_WARN_ABOUT_RETURN_TYPE = YES_ERROR;
				GCC_WARN_UNDECLARED_SELECTOR = YES;
				GCC_WARN_UNINITIALIZED_AUTOS = YES_AGGRESSIVE;
				GCC_WARN_UNUSED_FUNCTION = YES;
				GCC_WARN_UNUSED_VARIABLE = YES;
				LOCALIZATION_PREFERS_STRING_CATALOGS = YES;
				MTL_ENABLE_DEBUG_INFO = NO;
				MTL_FAST_MATH = YES;
				SWIFT_COMPILATION_MODE = wholemodule;
			};
			name = Release;
		};
		F4589BEC2AD4AC900036EB52 /* Debug */ = {
			isa = XCBuildConfiguration;
			buildSettings = {
				ASSETCATALOG_COMPILER_APPICON_NAME = AppIcon;
				ASSETCATALOG_COMPILER_GLOBAL_ACCENT_COLOR_NAME = AccentColor;
				CODE_SIGN_ENTITLEMENTS = "PHONE-DOWN/PHONE_DOWN.entitlements";
				"CODE_SIGN_IDENTITY[sdk=macosx*]" = "Apple Development";
				CODE_SIGN_STYLE = Automatic;
				CURRENT_PROJECT_VERSION = 1;
				DEVELOPMENT_ASSET_PATHS = "\"PHONE-DOWN/Preview Content\"";
				DEVELOPMENT_TEAM = UUKWMW7JA2;
				ENABLE_PREVIEWS = YES;
				GENERATE_INFOPLIST_FILE = YES;
				"INFOPLIST_KEY_UIApplicationSceneManifest_Generation[sdk=iphoneos*]" = YES;
				"INFOPLIST_KEY_UIApplicationSceneManifest_Generation[sdk=iphonesimulator*]" = YES;
				"INFOPLIST_KEY_UIApplicationSupportsIndirectInputEvents[sdk=iphoneos*]" = YES;
				"INFOPLIST_KEY_UIApplicationSupportsIndirectInputEvents[sdk=iphonesimulator*]" = YES;
				"INFOPLIST_KEY_UILaunchScreen_Generation[sdk=iphoneos*]" = YES;
				"INFOPLIST_KEY_UILaunchScreen_Generation[sdk=iphonesimulator*]" = YES;
				"INFOPLIST_KEY_UIStatusBarStyle[sdk=iphoneos*]" = UIStatusBarStyleDefault;
				"INFOPLIST_KEY_UIStatusBarStyle[sdk=iphonesimulator*]" = UIStatusBarStyleDefault;
				INFOPLIST_KEY_UISupportedInterfaceOrientations_iPad = "UIInterfaceOrientationPortrait UIInterfaceOrientationPortraitUpsideDown UIInterfaceOrientationLandscapeLeft UIInterfaceOrientationLandscapeRight";
				INFOPLIST_KEY_UISupportedInterfaceOrientations_iPhone = "UIInterfaceOrientationPortrait UIInterfaceOrientationLandscapeLeft UIInterfaceOrientationLandscapeRight";
				IPHONEOS_DEPLOYMENT_TARGET = 17.0;
				LD_RUNPATH_SEARCH_PATHS = "@executable_path/Frameworks";
				"LD_RUNPATH_SEARCH_PATHS[sdk=macosx*]" = "@executable_path/../Frameworks";
				MACOSX_DEPLOYMENT_TARGET = 14.0;
				MARKETING_VERSION = 1.0;
				PRODUCT_BUNDLE_IDENTIFIER = "com.JRomero.PHONE-DOWN";
				PRODUCT_NAME = "$(TARGET_NAME)";
				SDKROOT = auto;
				SUPPORTED_PLATFORMS = "iphoneos iphonesimulator macosx";
				SWIFT_EMIT_LOC_STRINGS = YES;
				SWIFT_VERSION = 5.0;
				TARGETED_DEVICE_FAMILY = "1,2";
			};
			name = Debug;
		};
		F4589BED2AD4AC900036EB52 /* Release */ = {
			isa = XCBuildConfiguration;
			buildSettings = {
				ASSETCATALOG_COMPILER_APPICON_NAME = AppIcon;
				ASSETCATALOG_COMPILER_GLOBAL_ACCENT_COLOR_NAME = AccentColor;
				CODE_SIGN_ENTITLEMENTS = "PHONE-DOWN/PHONE_DOWN.entitlements";
				"CODE_SIGN_IDENTITY[sdk=macosx*]" = "Apple Development";
				CODE_SIGN_STYLE = Automatic;
				CURRENT_PROJECT_VERSION = 1;
				DEVELOPMENT_ASSET_PATHS = "\"PHONE-DOWN/Preview Content\"";
				DEVELOPMENT_TEAM = UUKWMW7JA2;
				ENABLE_PREVIEWS = YES;
				GENERATE_INFOPLIST_FILE = YES;
				"INFOPLIST_KEY_UIApplicationSceneManifest_Generation[sdk=iphoneos*]" = YES;
				"INFOPLIST_KEY_UIApplicationSceneManifest_Generation[sdk=iphonesimulator*]" = YES;
				"INFOPLIST_KEY_UIApplicationSupportsIndirectInputEvents[sdk=iphoneos*]" = YES;
				"INFOPLIST_KEY_UIApplicationSupportsIndirectInputEvents[sdk=iphonesimulator*]" = YES;
				"INFOPLIST_KEY_UILaunchScreen_Generation[sdk=iphoneos*]" = YES;
				"INFOPLIST_KEY_UILaunchScreen_Generation[sdk=iphonesimulator*]" = YES;
				"INFOPLIST_KEY_UIStatusBarStyle[sdk=iphoneos*]" = UIStatusBarStyleDefault;
				"INFOPLIST_KEY_UIStatusBarStyle[sdk=iphonesimulator*]" = UIStatusBarStyleDefault;
				INFOPLIST_KEY_UISupportedInterfaceOrientations_iPad = "UIInterfaceOrientationPortrait UIInterfaceOrientationPortraitUpsideDown UIInterfaceOrientationLandscapeLeft UIInterfaceOrientationLandscapeRight";
				INFOPLIST_KEY_UISupportedInterfaceOrientations_iPhone = "UIInterfaceOrientationPortrait UIInterfaceOrientationLandscapeLeft UIInterfaceOrientationLandscapeRight";
				IPHONEOS_DEPLOYMENT_TARGET = 17.0;
				LD_RUNPATH_SEARCH_PATHS = "@executable_path/Frameworks";
				"LD_RUNPATH_SEARCH_PATHS[sdk=macosx*]" = "@executable_path/../Frameworks";
				MACOSX_DEPLOYMENT_TARGET = 14.0;
				MARKETING_VERSION = 1.0;
				PRODUCT_BUNDLE_IDENTIFIER = "com.JRomero.PHONE-DOWN";
				PRODUCT_NAME = "$(TARGET_NAME)";
				SDKROOT = auto;
				SUPPORTED_PLATFORMS = "iphoneos iphonesimulator macosx";
				SWIFT_EMIT_LOC_STRINGS = YES;
				SWIFT_VERSION = 5.0;
				TARGETED_DEVICE_FAMILY = "1,2";
			};
			name = Release;
		};
/* End XCBuildConfiguration section */

/* Begin XCConfigurationList section */
		F4589BD72AD4AC8F0036EB52 /* Build configuration list for PBXProject "PHONE-DOWN" */ = {
			isa = XCConfigurationList;
			buildConfigurations = (
				F4589BE92AD4AC900036EB52 /* Debug */,
				F4589BEA2AD4AC900036EB52 /* Release */,
			);
			defaultConfigurationIsVisible = 0;
			defaultConfigurationName = Release;
		};
		F4589BEB2AD4AC900036EB52 /* Build configuration list for PBXNativeTarget "PHONE-DOWN" */ = {
			isa = XCConfigurationList;
			buildConfigurations = (
				F4589BEC2AD4AC900036EB52 /* Debug */,
				F4589BED2AD4AC900036EB52 /* Release */,
			);
			defaultConfigurationIsVisible = 0;
			defaultConfigurationName = Release;
		};
/* End XCConfigurationList section */

/* Begin XCRemoteSwiftPackageReference section */
		F405DC342AD851AD00BBC9DF /* XCRemoteSwiftPackageReference "firebase-ios-sdk" */ = {
			isa = XCRemoteSwiftPackageReference;
			repositoryURL = "https://github.com/firebase/firebase-ios-sdk";
			requirement = {
				kind = upToNextMajorVersion;
				minimumVersion = 10.16.0;
			};
		};
/* End XCRemoteSwiftPackageReference section */

/* Begin XCSwiftPackageProductDependency section */
		F405DC352AD851AD00BBC9DF /* FirebaseAnalytics */ = {
			isa = XCSwiftPackageProductDependency;
			package = F405DC342AD851AD00BBC9DF /* XCRemoteSwiftPackageReference "firebase-ios-sdk" */;
			productName = FirebaseAnalytics;
		};
		F405DC392AD851AD00BBC9DF /* FirebaseAnalyticsSwift */ = {
			isa = XCSwiftPackageProductDependency;
			package = F405DC342AD851AD00BBC9DF /* XCRemoteSwiftPackageReference "firebase-ios-sdk" */;
			productName = FirebaseAnalyticsSwift;
		};
		F405DC402AD8569600BBC9DF /* FirebaseAuth */ = {
			isa = XCSwiftPackageProductDependency;
			package = F405DC342AD851AD00BBC9DF /* XCRemoteSwiftPackageReference "firebase-ios-sdk" */;
			productName = FirebaseAuth;
		};
/* End XCSwiftPackageProductDependency section */
	};
	rootObject = F4589BD42AD4AC8F0036EB52 /* Project object */;
}
